{
  "name": "@qavajs/webstorm-adapter",
  "version": "8.0.0",
  "lockfileVersion": 2,
  "requires": true,
  "packages": {
    "": {
      "name": "@qavajs/webstorm-adapter",
      "version": "8.0.0",
      "license": "MIT",
      "bin": {
        "cucumber-js": "bin/cucumber-js.js"
      }
    }
  }
}
